// !$*UTF8*$!
{
	archiveVersion = 1;
	classes = {
	};
	objectVersion = 77;
	objects = {

/* Begin PBXContainerItemProxy section */
		54E3C03B2DFC56F400DE1D26 /* PBXContainerItemProxy */ = {
			isa = PBXContainerItemProxy;
			containerPortal = 54E3C0252DFC56F300DE1D26 /* Project object */;
			proxyType = 1;
			remoteGlobalIDString = 54E3C02C2DFC56F300DE1D26;
			remoteInfo = MarketView;
		};
		54E3C0452DFC56F400DE1D26 /* PBXContainerItemProxy */ = {
			isa = PBXContainerItemProxy;
			containerPortal = 54E3C0252DFC56F300DE1D26 /* Project object */;
			proxyType = 1;
			remoteGlobalIDString = 54E3C02C2DFC56F300DE1D26;
			remoteInfo = MarketView;
		};
/* End PBXContainerItemProxy section */

/* Begin PBXFileReference section */
		54E3C02D2DFC56F300DE1D26 /* MarketView.app */ = {isa = PBXFileReference; explicitFileType = wrapper.application; includeInIndex = 0; path = MarketView.app; sourceTree = BUILT_PRODUCTS_DIR; };
		54E3C03A2DFC56F400DE1D26 /* MarketViewTests.xctest */ = {isa = PBXFileReference; explicitFileType = wrapper.cfbundle; includeInIndex = 0; path = MarketViewTests.xctest; sourceTree = BUILT_PRODUCTS_DIR; };
		54E3C0442DFC56F400DE1D26 /* MarketViewUITests.xctest */ = {isa = PBXFileReference; explicitFileType = wrapper.cfbundle; includeInIndex = 0; path = MarketViewUITests.xctest; sourceTree = BUILT_PRODUCTS_DIR; };
/* End PBXFileReference section */

/* Begin PBXFileSystemSynchronizedRootGroup section */
		54E3C02F2DFC56F300DE1D26 /* MarketView */ = {
			isa = PBXFileSystemSynchronizedRootGroup;
			path = MarketView;
			sourceTree = "<group>";
		};
		54E3C03D2DFC56F400DE1D26 /* MarketViewTests */ = {
			isa = PBXFileSystemSynchronizedRootGroup;
			path = MarketViewTests;
			sourceTree = "<group>";
		};
		54E3C0472DFC56F400DE1D26 /* MarketViewUITests */ = {
			isa = PBXFileSystemSynchronizedRootGroup;
			path = MarketViewUITests;
			sourceTree = "<group>";
		};
/* End PBXFileSystemSynchronizedRootGroup section */

/* Begin PBXFrameworksBuildPhase section */
		54E3C02A2DFC56F300DE1D26 /* Frameworks */ = {
			isa = PBXFrameworksBuildPhase;
			buildActionMask = 2147483647;
			files = (
			);
			runOnlyForDeploymentPostprocessing = 0;
		};
		54E3C0372DFC56F400DE1D26 /* Frameworks */ = {
			isa = PBXFrameworksBuildPhase;
			buildActionMask = 2147483647;
			files = (
			);
			runOnlyForDeploymentPostprocessing = 0;
		};
		54E3C0412DFC56F400DE1D26 /* Frameworks */ = {
			isa = PBXFrameworksBuildPhase;
			buildActionMask = 2147483647;
			files = (
			);
			runOnlyForDeploymentPostprocessing = 0;
		};
/* End PBXFrameworksBuildPhase section */

/* Begin PBXGroup section */
		54E3C0242DFC56F300DE1D26 = {
			isa = PBXGroup;
			children = (
				54E3C02F2DFC56F300DE1D26 /* MarketView */,
				54E3C03D2DFC56F400DE1D26 /* MarketViewTests */,
				54E3C0472DFC56F400DE1D26 /* MarketViewUITests */,
				54E3C02E2DFC56F300DE1D26 /* Products */,
			);
			sourceTree = "<group>";
		};
		54E3C02E2DFC56F300DE1D26 /* Products */ = {
			isa = PBXGroup;
			children = (
				54E3C02D2DFC56F300DE1D26 /* MarketView.app */,
				54E3C03A2DFC56F400DE1D26 /* MarketViewTests.xctest */,
				54E3C0442DFC56F400DE1D26 /* MarketViewUITests.xctest */,
			);
			name = Products;
			sourceTree = "<group>";
		};
/* End PBXGroup section */

/* Begin PBXNativeTarget section */
		54E3C02C2DFC56F300DE1D26 /* MarketView */ = {
			isa = PBXNativeTarget;
			buildConfigurationList = 54E3C04E2DFC56F400DE1D26 /* Build configuration list for PBXNativeTarget "MarketView" */;
			buildPhases = (
				54E3C0292DFC56F300DE1D26 /* Sources */,
				54E3C02A2DFC56F300DE1D26 /* Frameworks */,
				54E3C02B2DFC56F300DE1D26 /* Resources */,
			);
			buildRules = (
			);
			dependencies = (
			);
			fileSystemSynchronizedGroups = (
				54E3C02F2DFC56F300DE1D26 /* MarketView */,
			);
			name = MarketView;
			packageProductDependencies = (
			);
			productName = MarketView;
			productReference = 54E3C02D2DFC56F300DE1D26 /* MarketView.app */;
			productType = "com.apple.product-type.application";
		};
		54E3C0392DFC56F400DE1D26 /* MarketViewTests */ = {
			isa = PBXNativeTarget;
			buildConfigurationList = 54E3C0512DFC56F400DE1D26 /* Build configuration list for PBXNativeTarget "MarketViewTests" */;
			buildPhases = (
				54E3C0362DFC56F400DE1D26 /* Sources */,
				54E3C0372DFC56F400DE1D26 /* Frameworks */,
				54E3C0382DFC56F400DE1D26 /* Resources */,
			);
			buildRules = (
			);
			dependencies = (
				54E3C03C2DFC56F400DE1D26 /* PBXTargetDependency */,
			);
			fileSystemSynchronizedGroups = (
				54E3C03D2DFC56F400DE1D26 /* MarketViewTests */,
			);
			name = MarketViewTests;
			packageProductDependencies = (
			);
			productName = MarketViewTests;
			productReference = 54E3C03A2DFC56F400DE1D26 /* MarketViewTests.xctest */;
			productType = "com.apple.product-type.bundle.unit-test";
		};
		54E3C0432DFC56F400DE1D26 /* MarketViewUITests */ = {
			isa = PBXNativeTarget;
			buildConfigurationList = 54E3C0542DFC56F400DE1D26 /* Build configuration list for PBXNativeTarget "MarketViewUITests" */;
			buildPhases = (
				54E3C0402DFC56F400DE1D26 /* Sources */,
				54E3C0412DFC56F400DE1D26 /* Frameworks */,
				54E3C0422DFC56F400DE1D26 /* Resources */,
			);
			buildRules = (
			);
			dependencies = (
				54E3C0462DFC56F400DE1D26 /* PBXTargetDependency */,
			);
			fileSystemSynchronizedGroups = (
				54E3C0472DFC56F400DE1D26 /* MarketViewUITests */,
			);
			name = MarketViewUITests;
			packageProductDependencies = (
			);
			productName = MarketViewUITests;
			productReference = 54E3C0442DFC56F400DE1D26 /* MarketViewUITests.xctest */;
			productType = "com.apple.product-type.bundle.ui-testing";
		};
/* End PBXNativeTarget section */

/* Begin PBXProject section */
		54E3C0252DFC56F300DE1D26 /* Project object */ = {
			isa = PBXProject;
			attributes = {
				BuildIndependentTargetsInParallel = 1;
				LastSwiftUpdateCheck = 1640;
				LastUpgradeCheck = 1640;
				TargetAttributes = {
					54E3C02C2DFC56F300DE1D26 = {
						CreatedOnToolsVersion = 16.4;
					};
					54E3C0392DFC56F400DE1D26 = {
						CreatedOnToolsVersion = 16.4;
						TestTargetID = 54E3C02C2DFC56F300DE1D26;
					};
					54E3C0432DFC56F400DE1D26 = {
						CreatedOnToolsVersion = 16.4;
						TestTargetID = 54E3C02C2DFC56F300DE1D26;
					};
				};
			};
			buildConfigurationList = 54E3C0282DFC56F300DE1D26 /* Build configuration list for PBXProject "MarketView" */;
			developmentRegion = en;
			hasScannedForEncodings = 0;
			knownRegions = (
				en,
				Base,
			);
			mainGroup = 54E3C0242DFC56F300DE1D26;
			minimizedProjectReferenceProxies = 1;
			preferredProjectObjectVersion = 77;
			productRefGroup = 54E3C02E2DFC56F300DE1D26 /* Products */;
			projectDirPath = "";
			projectRoot = "";
			targets = (
				54E3C02C2DFC56F300DE1D26 /* MarketView */,
				54E3C0392DFC56F400DE1D26 /* MarketViewTests */,
				54E3C0432DFC56F400DE1D26 /* MarketViewUITests */,
			);
		};
/* End PBXProject section */

/* Begin PBXResourcesBuildPhase section */
		54E3C02B2DFC56F300DE1D26 /* Resources */ = {
			isa = PBXResourcesBuildPhase;
			buildActionMask = 2147483647;
			files = (
			);
			runOnlyForDeploymentPostprocessing = 0;
		};
		54E3C0382DFC56F400DE1D26 /* Resources */ = {
			isa = PBXResourcesBuildPhase;
			buildActionMask = 2147483647;
			files = (
			);
			runOnlyForDeploymentPostprocessing = 0;
		};
		54E3C0422DFC56F400DE1D26 /* Resources */ = {
			isa = PBXResourcesBuildPhase;
			buildActionMask = 2147483647;
			files = (
			);
			runOnlyForDeploymentPostprocessing = 0;
		};
/* End PBXResourcesBuildPhase section */

/* Begin PBXSourcesBuildPhase section */
		54E3C0292DFC56F300DE1D26 /* Sources */ = {
			isa = PBXSourcesBuildPhase;
			buildActionMask = 2147483647;
			files = (
			);
			runOnlyForDeploymentPostprocessing = 0;
		};
		54E3C0362DFC56F400DE1D26 /* Sources */ = {
			isa = PBXSourcesBuildPhase;
			buildActionMask = 2147483647;
			files = (
			);
			runOnlyForDeploymentPostprocessing = 0;
		};
		54E3C0402DFC56F400DE1D26 /* Sources */ = {
			isa = PBXSourcesBuildPhase;
			buildActionMask = 2147483647;
			files = (
			);
			runOnlyForDeploymentPostprocessing = 0;
		};
/* End PBXSourcesBuildPhase section */

/* Begin PBXTargetDependency section */
		54E3C03C2DFC56F400DE1D26 /* PBXTargetDependency */ = {
			isa = PBXTargetDependency;
			target = 54E3C02C2DFC56F300DE1D26 /* MarketView */;
			targetProxy = 54E3C03B2DFC56F400DE1D26 /* PBXContainerItemProxy */;
		};
		54E3C0462DFC56F400DE1D26 /* PBXTargetDependency */ = {
			isa = PBXTargetDependency;
			target = 54E3C02C2DFC56F300DE1D26 /* MarketView */;
			targetProxy = 54E3C0452DFC56F400DE1D26 /* PBXContainerItemProxy */;
		};
/* End PBXTargetDependency section */

/* Begin XCBuildConfiguration section */
		54E3C04C2DFC56F400DE1D26 /* Debug */ = {
			isa = XCBuildConfiguration;
			buildSettings = {
				ALWAYS_SEARCH_USER_PATHS = NO;
				ASSETCATALOG_COMPILER_GENERATE_SWIFT_ASSET_SYMBOL_EXTENSIONS = YES;
				CLANG_ANALYZER_NONNULL = YES;
				CLANG_ANALYZER_NUMBER_OBJECT_CONVERSION = YES_AGGRESSIVE;
				CLANG_CXX_LANGUAGE_STANDARD = "gnu++20";
				CLANG_ENABLE_MODULES = YES;
				CLANG_ENABLE_OBJC_ARC = YES;
				CLANG_ENABLE_OBJC_WEAK = YES;
				CLANG_WARN_BLOCK_CAPTURE_AUTORELEASING = YES;
				CLANG_WARN_BOOL_CONVERSION = YES;
				CLANG_WARN_COMMA = YES;
				CLANG_WARN_CONSTANT_CONVERSION = YES;
				CLANG_WARN_DEPRECATED_OBJC_IMPLEMENTATIONS = YES;
				CLANG_WARN_DIRECT_OBJC_ISA_USAGE = YES_ERROR;
				CLANG_WARN_DOCUMENTATION_COMMENTS = YES;
				CLANG_WARN_EMPTY_BODY = YES;
				CLANG_WARN_ENUM_CONVERSION = YES;
				CLANG_WARN_INFINITE_RECURSION = YES;
				CLANG_WARN_INT_CONVERSION = YES;
				CLANG_WARN_NON_LITERAL_NULL_CONVERSION = YES;
				CLANG_WARN_OBJC_IMPLICIT_RETAIN_SELF = YES;
				CLANG_WARN_OBJC_LITERAL_CONVERSION = YES;
				CLANG_WARN_OBJC_ROOT_CLASS = YES_ERROR;
				CLANG_WARN_QUOTED_INCLUDE_IN_FRAMEWORK_HEADER = YES;
				CLANG_WARN_RANGE_LOOP_ANALYSIS = YES;
				CLANG_WARN_STRICT_PROTOTYPES = YES;
				CLANG_WARN_SUSPICIOUS_MOVE = YES;
				CLANG_WARN_UNGUARDED_AVAILABILITY = YES_AGGRESSIVE;
				CLANG_WARN_UNREACHABLE_CODE = YES;
				CLANG_WARN__DUPLICATE_METHOD_MATCH = YES;
				COPY_PHASE_STRIP = NO;
				DEBUG_INFORMATION_FORMAT = dwarf;
				ENABLE_STRICT_OBJC_MSGSEND = YES;
				ENABLE_TESTABILITY = YES;
				ENABLE_USER_SCRIPT_SANDBOXING = YES;
				GCC_C_LANGUAGE_STANDARD = gnu17;
				GCC_DYNAMIC_NO_PIC = NO;
				GCC_NO_COMMON_BLOCKS = YES;
				GCC_OPTIMIZATION_LEVEL = 0;
				GCC_PREPROCESSOR_DEFINITIONS = (
					"DEBUG=1",
					"$(inherited)",
				);
				GCC_WARN_64_TO_32_BIT_CONVERSION = YES;
				GCC_WARN_ABOUT_RETURN_TYPE = YES_ERROR;
				GCC_WARN_UNDECLARED_SELECTOR = YES;
				GCC_WARN_UNINITIALIZED_AUTOS = YES_AGGRESSIVE;
				GCC_WARN_UNUSED_FUNCTION = YES;
				GCC_WARN_UNUSED_VARIABLE = YES;
				IPHONEOS_DEPLOYMENT_TARGET = 18.5;
				LOCALIZATION_PREFERS_STRING_CATALOGS = YES;
				MTL_ENABLE_DEBUG_INFO = INCLUDE_SOURCE;
				MTL_FAST_MATH = YES;
				ONLY_ACTIVE_ARCH = YES;
				SDKROOT = iphoneos;
				SWIFT_ACTIVE_COMPILATION_CONDITIONS = "DEBUG $(inherited)";
				SWIFT_OPTIMIZATION_LEVEL = "-Onone";
			};
			name = Debug;
		};
		54E3C04D2DFC56F400DE1D26 /* Release */ = {
			isa = XCBuildConfiguration;
			buildSettings = {
				ALWAYS_SEARCH_USER_PATHS = NO;
				ASSETCATALOG_COMPILER_GENERATE_SWIFT_ASSET_SYMBOL_EXTENSIONS = YES;
				CLANG_ANALYZER_NONNULL = YES;
				CLANG_ANALYZER_NUMBER_OBJECT_CONVERSION = YES_AGGRESSIVE;
				CLANG_CXX_LANGUAGE_STANDARD = "gnu++20";
				CLANG_ENABLE_MODULES = YES;
				CLANG_ENABLE_OBJC_ARC = YES;
				CLANG_ENABLE_OBJC_WEAK = YES;
				CLANG_WARN_BLOCK_CAPTURE_AUTORELEASING = YES;
				CLANG_WARN_BOOL_CONVERSION = YES;
				CLANG_WARN_COMMA = YES;
				CLANG_WARN_CONSTANT_CONVERSION = YES;
				CLANG_WARN_DEPRECATED_OBJC_IMPLEMENTATIONS = YES;
				CLANG_WARN_DIRECT_OBJC_ISA_USAGE = YES_ERROR;
				CLANG_WARN_DOCUMENTATION_COMMENTS = YES;
				CLANG_WARN_EMPTY_BODY = YES;
				CLANG_WARN_ENUM_CONVERSION = YES;
				CLANG_WARN_INFINITE_RECURSION = YES;
				CLANG_WARN_INT_CONVERSION = YES;
				CLANG_WARN_NON_LITERAL_NULL_CONVERSION = YES;
				CLANG_WARN_OBJC_IMPLICIT_RETAIN_SELF = YES;
				CLANG_WARN_OBJC_LITERAL_CONVERSION = YES;
				CLANG_WARN_OBJC_ROOT_CLASS = YES_ERROR;
				CLANG_WARN_QUOTED_INCLUDE_IN_FRAMEWORK_HEADER = YES;
				CLANG_WARN_RANGE_LOOP_ANALYSIS = YES;
				CLANG_WARN_STRICT_PROTOTYPES = YES;
				CLANG_WARN_SUSPICIOUS_MOVE = YES;
				CLANG_WARN_UNGUARDED_AVAILABILITY = YES_AGGRESSIVE;
				CLANG_WARN_UNREACHABLE_CODE = YES;
				CLANG_WARN__DUPLICATE_METHOD_MATCH = YES;
				COPY_PHASE_STRIP = NO;
				DEBUG_INFORMATION_FORMAT = "dwarf-with-dsym";
				ENABLE_NS_ASSERTIONS = NO;
				ENABLE_STRICT_OBJC_MSGSEND = YES;
				ENABLE_USER_SCRIPT_SANDBOXING = YES;
				GCC_C_LANGUAGE_STANDARD = gnu17;
				GCC_NO_COMMON_BLOCKS = YES;
				GCC_WARN_64_TO_32_BIT_CONVERSION = YES;
				GCC_WARN_ABOUT_RETURN_TYPE = YES_ERROR;
				GCC_WARN_UNDECLARED_SELECTOR = YES;
				GCC_WARN_UNINITIALIZED_AUTOS = YES_AGGRESSIVE;
				GCC_WARN_UNUSED_FUNCTION = YES;
				GCC_WARN_UNUSED_VARIABLE = YES;
				IPHONEOS_DEPLOYMENT_TARGET = 18.5;
				LOCALIZATION_PREFERS_STRING_CATALOGS = YES;
				MTL_ENABLE_DEBUG_INFO = NO;
				MTL_FAST_MATH = YES;
				SDKROOT = iphoneos;
				SWIFT_COMPILATION_MODE = wholemodule;
				VALIDATE_PRODUCT = YES;
			};
			name = Release;
		};
		54E3C04F2DFC56F400DE1D26 /* Debug */ = {
			isa = XCBuildConfiguration;
			buildSettings = {
				ASSETCATALOG_COMPILER_APPICON_NAME = AppIcon;
				ASSETCATALOG_COMPILER_GLOBAL_ACCENT_COLOR_NAME = AccentColor;
				CODE_SIGN_STYLE = Automatic;
				CURRENT_PROJECT_VERSION = 1;
				ENABLE_PREVIEWS = YES;
				GENERATE_INFOPLIST_FILE = YES;
				INFOPLIST_KEY_UIApplicationSceneManifest_Generation = YES;
				INFOPLIST_KEY_UIApplicationSupportsIndirectInputEvents = YES;
				INFOPLIST_KEY_UILaunchScreen_Generation = YES;
				INFOPLIST_KEY_UISupportedInterfaceOrientations_iPad = "UIInterfaceOrientationPortrait UIInterfaceOrientationPortraitUpsideDown UIInterfaceOrientationLandscapeLeft UIInterfaceOrientationLandscapeRight";
				INFOPLIST_KEY_UISupportedInterfaceOrientations_iPhone = "UIInterfaceOrientationPortrait UIInterfaceOrientationLandscapeLeft UIInterfaceOrientationLandscapeRight";
				LD_RUNPATH_SEARCH_PATHS = (
					"$(inherited)",
					"@executable_path/Frameworks",
				);
				MARKETING_VERSION = 1.0;
				PRODUCT_BUNDLE_IDENTIFIER = com.github.kaystd.MarketView;
				PRODUCT_NAME = "$(TARGET_NAME)";
				SWIFT_EMIT_LOC_STRINGS = YES;
				SWIFT_VERSION = 5.0;
				TARGETED_DEVICE_FAMILY = "1,2";
			};
			name = Debug;
		};
		54E3C0502DFC56F400DE1D26 /* Release */ = {
			isa = XCBuildConfiguration;
			buildSettings = {
				ASSETCATALOG_COMPILER_APPICON_NAME = AppIcon;
				ASSETCATALOG_COMPILER_GLOBAL_ACCENT_COLOR_NAME = AccentColor;
				CODE_SIGN_STYLE = Automatic;
				CURRENT_PROJECT_VERSION = 1;
				ENABLE_PREVIEWS = YES;
				GENERATE_INFOPLIST_FILE = YES;
				INFOPLIST_KEY_UIApplicationSceneManifest_Generation = YES;
				INFOPLIST_KEY_UIApplicationSupportsIndirectInputEvents = YES;
				INFOPLIST_KEY_UILaunchScreen_Generation = YES;
				INFOPLIST_KEY_UISupportedInterfaceOrientations_iPad = "UIInterfaceOrientationPortrait UIInterfaceOrientationPortraitUpsideDown UIInterfaceOrientationLandscapeLeft UIInterfaceOrientationLandscapeRight";
				INFOPLIST_KEY_UISupportedInterfaceOrientations_iPhone = "UIInterfaceOrientationPortrait UIInterfaceOrientationLandscapeLeft UIInterfaceOrientationLandscapeRight";
				LD_RUNPATH_SEARCH_PATHS = (
					"$(inherited)",
					"@executable_path/Frameworks",
				);
				MARKETING_VERSION = 1.0;
				PRODUCT_BUNDLE_IDENTIFIER = com.github.kaystd.MarketView;
				PRODUCT_NAME = "$(TARGET_NAME)";
				SWIFT_EMIT_LOC_STRINGS = YES;
				SWIFT_VERSION = 5.0;
				TARGETED_DEVICE_FAMILY = "1,2";
			};
			name = Release;
		};
		54E3C0522DFC56F400DE1D26 /* Debug */ = {
			isa = XCBuildConfiguration;
			buildSettings = {
				BUNDLE_LOADER = "$(TEST_HOST)";
				CODE_SIGN_STYLE = Automatic;
				CURRENT_PROJECT_VERSION = 1;
				GENERATE_INFOPLIST_FILE = YES;
				IPHONEOS_DEPLOYMENT_TARGET = 18.5;
				MARKETING_VERSION = 1.0;
				PRODUCT_BUNDLE_IDENTIFIER = com.github.kaystd.MarketViewTests;
				PRODUCT_NAME = "$(TARGET_NAME)";
				SWIFT_EMIT_LOC_STRINGS = NO;
				SWIFT_VERSION = 5.0;
				TARGETED_DEVICE_FAMILY = "1,2";
				TEST_HOST = "$(BUILT_PRODUCTS_DIR)/MarketView.app/$(BUNDLE_EXECUTABLE_FOLDER_PATH)/MarketView";
			};
			name = Debug;
		};
		54E3C0532DFC56F400DE1D26 /* Release */ = {
			isa = XCBuildConfiguration;
			buildSettings = {
				BUNDLE_LOADER = "$(TEST_HOST)";
				CODE_SIGN_STYLE = Automatic;
				CURRENT_PROJECT_VERSION = 1;
				GENERATE_INFOPLIST_FILE = YES;
				IPHONEOS_DEPLOYMENT_TARGET = 18.5;
				MARKETING_VERSION = 1.0;
				PRODUCT_BUNDLE_IDENTIFIER = com.github.kaystd.MarketViewTests;
				PRODUCT_NAME = "$(TARGET_NAME)";
				SWIFT_EMIT_LOC_STRINGS = NO;
				SWIFT_VERSION = 5.0;
				TARGETED_DEVICE_FAMILY = "1,2";
				TEST_HOST = "$(BUILT_PRODUCTS_DIR)/MarketView.app/$(BUNDLE_EXECUTABLE_FOLDER_PATH)/MarketView";
			};
			name = Release;
		};
		54E3C0552DFC56F400DE1D26 /* Debug */ = {
			isa = XCBuildConfiguration;
			buildSettings = {
				CODE_SIGN_STYLE = Automatic;
				CURRENT_PROJECT_VERSION = 1;
				GENERATE_INFOPLIST_FILE = YES;
				MARKETING_VERSION = 1.0;
				PRODUCT_BUNDLE_IDENTIFIER = com.github.kaystd.MarketViewUITests;
				PRODUCT_NAME = "$(TARGET_NAME)";
				SWIFT_EMIT_LOC_STRINGS = NO;
				SWIFT_VERSION = 5.0;
				TARGETED_DEVICE_FAMILY = "1,2";
				TEST_TARGET_NAME = MarketView;
			};
			name = Debug;
		};
		54E3C0562DFC56F400DE1D26 /* Release */ = {
			isa = XCBuildConfiguration;
			buildSettings = {
				CODE_SIGN_STYLE = Automatic;
				CURRENT_PROJECT_VERSION = 1;
				GENERATE_INFOPLIST_FILE = YES;
				MARKETING_VERSION = 1.0;
				PRODUCT_BUNDLE_IDENTIFIER = com.github.kaystd.MarketViewUITests;
				PRODUCT_NAME = "$(TARGET_NAME)";
				SWIFT_EMIT_LOC_STRINGS = NO;
				SWIFT_VERSION = 5.0;
				TARGETED_DEVICE_FAMILY = "1,2";
				TEST_TARGET_NAME = MarketView;
			};
			name = Release;
		};
/* End XCBuildConfiguration section */

/* Begin XCConfigurationList section */
		54E3C0282DFC56F300DE1D26 /* Build configuration list for PBXProject "MarketView" */ = {
			isa = XCConfigurationList;
			buildConfigurations = (
				54E3C04C2DFC56F400DE1D26 /* Debug */,
				54E3C04D2DFC56F400DE1D26 /* Release */,
			);
			defaultConfigurationIsVisible = 0;
			defaultConfigurationName = Release;
		};
		54E3C04E2DFC56F400DE1D26 /* Build configuration list for PBXNativeTarget "MarketView" */ = {
			isa = XCConfigurationList;
			buildConfigurations = (
				54E3C04F2DFC56F400DE1D26 /* Debug */,
				54E3C0502DFC56F400DE1D26 /* Release */,
			);
			defaultConfigurationIsVisible = 0;
			defaultConfigurationName = Release;
		};
		54E3C0512DFC56F400DE1D26 /* Build configuration list for PBXNativeTarget "MarketViewTests" */ = {
			isa = XCConfigurationList;
			buildConfigurations = (
				54E3C0522DFC56F400DE1D26 /* Debug */,
				54E3C0532DFC56F400DE1D26 /* Release */,
			);
			defaultConfigurationIsVisible = 0;
			defaultConfigurationName = Release;
		};
		54E3C0542DFC56F400DE1D26 /* Build configuration list for PBXNativeTarget "MarketViewUITests" */ = {
			isa = XCConfigurationList;
			buildConfigurations = (
				54E3C0552DFC56F400DE1D26 /* Debug */,
				54E3C0562DFC56F400DE1D26 /* Release */,
			);
			defaultConfigurationIsVisible = 0;
			defaultConfigurationName = Release;
		};
/* End XCConfigurationList section */
	};
	rootObject = 54E3C0252DFC56F300DE1D26 /* Project object */;
}
